
Microsoft Visual Studio Solution File, Format Version 11.00
# Visual Studio 2010
Project("{8BC9CEB8-8B4A-11D0-8D11-00A0C91BC942}") = "science_calc", "science_calc\science_calc.vcxproj", "{4963824B-FD0F-4ECE-B2BA-86F36D24D640}"
EndProject
Global
	GlobalSection(SolutionConfigurationPlatforms) = preSolution
		Debug|Win32 = Debug|Win32
		Release|Win32 = Release|Win32
	EndGlobalSection
	GlobalSection(ProjectConfigurationPlatforms) = postSolution
		{4963824B-FD0F-4ECE-B2BA-86F36D24D640}.Debug|Win32.ActiveCfg = Debug|Win32
		{4963824B-FD0F-4ECE-B2BA-86F36D24D640}.Debug|Win32.Build.0 = Debug|Win32
		{4963824B-FD0F-4ECE-B2BA-86F36D24D640}.Release|Win32.ActiveCfg = Release|Win32
		{4963824B-FD0F-4ECE-B2BA-86F36D24D640}.Release|Win32.Build.0 = Release|Win32
	EndGlobalSection
	GlobalSection(SolutionProperties) = preSolution
		HideSolutionNode = FALSE
	EndGlobalSection
EndGlobal
